
Microsoft Visual Studio Solution File, Format Version 12.00
# Visual Studio Version 17
VisualStudioVersion = 17.9.34622.214
MinimumVisualStudioVersion = 10.0.40219.1
Project("{FAE04EC0-301F-11D3-BF4B-00C04F79EFBC}") = "kutuphane2", "kutuphane2.csproj", "{BF014943-1080-47F8-9063-D79F98AF4040}"
EndProject
Global
	GlobalSection(SolutionConfigurationPlatforms) = preSolution
		Debug|Any CPU = Debug|Any CPU
		Release|Any CPU = Release|Any CPU
	EndGlobalSection
	GlobalSection(ProjectConfigurationPlatforms) = postSolution
		{BF014943-1080-47F8-9063-D79F98AF4040}.Debug|Any CPU.ActiveCfg = Debug|Any CPU
		{BF014943-1080-47F8-9063-D79F98AF4040}.Debug|Any CPU.Build.0 = Debug|Any CPU
		{BF014943-1080-47F8-9063-D79F98AF4040}.Release|Any CPU.ActiveCfg = Release|Any CPU
		{BF014943-1080-47F8-9063-D79F98AF4040}.Release|Any CPU.Build.0 = Release|Any CPU
	EndGlobalSection
	GlobalSection(SolutionProperties) = preSolution
		HideSolutionNode = FALSE
	EndGlobalSection
	GlobalSection(ExtensibilityGlobals) = postSolution
		SolutionGuid = {D53B9FBE-7110-4950-929B-B71081C57659}
	EndGlobalSection
EndGlobal
